{
  "name": "5-coursera-tips-javascript",
  "lockfileVersion": 3,
  "requires": true,
  "packages": {
    "": {
      "dependencies": {
        "@aws-sdk/s3-request-presigner": "^3.1002.0",
        "crypto": "^1.0.1"
      }
    },
    "node_modules/@aws-sdk/core": {
      "version": "3.973.17",
      "resolved": "https://registry.npmjs.org/@aws-sdk/core/-/core-3.973.17.tgz",
      "integrity": "sha512-VtgGP0TjbCeyp6DQpiBqJKbemTSIaN2bZc3UbeTDCani3lBCyxn75ouJYD6koSSp0bh7rKLEbUpiFsNCI7tr0w==",
      "license": "Apache-2.0",
      "dependencies": {
        "@aws-sdk/types": "^3.973.4",
        "@aws-sdk/xml-builder": "^3.972.9",
        "@smithy/core": "^3.23.7",
        "@smithy/node-config-provider": "^4.3.10",
        "@smithy/property-provider": "^4.2.10",
        "@smithy/protocol-http": "^5.3.10",
        "@smithy/signature-v4": "^5.3.10",
        "@smithy/smithy-client": "^4.12.1",
        "@smithy/types": "^4.13.0",
        "@smithy/util-base64": "^4.3.1",
        "@smithy/util-middleware": "^4.2.10",
        "@smithy/util-utf8": "^4.2.1",
        "tslib": "^2.6.2"
      },
      "engines": {
        "node": ">=20.0.0"
      }
    },
    "node_modules/@aws-sdk/middleware-sdk-s3": {
      "version": "3.972.17",
      "resolved": "https://registry.npmjs.org/@aws-sdk/middleware-sdk-s3/-/middleware-sdk-s3-3.972.17.tgz",
      "integrity": "sha512-uSyOGoVFMP44pTt29MIMfsOjegqE/7lT0K3HG0GWPiH2lD4rqZC/TRi/kH4zrGiOQdsaLc+dkfd7Sb2q8vh+gA==",
      "license": "Apache-2.0",
      "dependencies": {
        "@aws-sdk/core": "^3.973.17",
        "@aws-sdk/types": "^3.973.4",
        "@aws-sdk/util-arn-parser": "^3.972.2",
        "@smithy/core": "^3.23.7",
        "@smithy/node-config-provider": "^4.3.10",
        "@smithy/protocol-http": "^5.3.10",
        "@smithy/signature-v4": "^5.3.10",
        "@smithy/smithy-client": "^4.12.1",
        "@smithy/types": "^4.13.0",
        "@smithy/util-config-provider": "^4.2.1",
        "@smithy/util-middleware": "^4.2.10",
        "@smithy/util-stream": "^4.5.16",
        "@smithy/util-utf8": "^4.2.1",
        "tslib": "^2.6.2"
      },
      "engines": {
        "node": ">=20.0.0"
      }
    },
    "node_modules/@aws-sdk/s3-request-presigner": {
      "version": "3.1002.0",
      "resolved": "https://registry.npmjs.org/@aws-sdk/s3-request-presigner/-/s3-request-presigner-3.1002.0.tgz",
      "integrity": "sha512-vzbygdP2KMRoD7jheRNBlYVvrmGrwyeec+6KwHiM9AtFQ+tx4EvF8x0Wo+7FjVn1PL3t5Do7i54f4ozKCYJleQ==",
      "license": "Apache-2.0",
      "dependencies": {
        "@aws-sdk/signature-v4-multi-region": "^3.996.5",
        "@aws-sdk/types": "^3.973.4",
        "@aws-sdk/util-format-url": "^3.972.6",
        "@smithy/middleware-endpoint": "^4.4.21",
        "@smithy/protocol-http": "^5.3.10",
        "@smithy/smithy-client": "^4.12.1",
        "@smithy/types": "^4.13.0",
        "tslib": "^2.6.2"
      },
      "engines": {
        "node": ">=20.0.0"
      }
    },
    "node_modules/@aws-sdk/signature-v4-multi-region": {
      "version": "3.996.5",
      "resolved": "https://registry.npmjs.org/@aws-sdk/signature-v4-multi-region/-/signature-v4-multi-region-3.996.5.tgz",
      "integrity": "sha512-AVIhf74wRMzU1WBPVzcGPjlADF5VxZ8m8Ctm1v7eO4/reWMhZnEBn4tlR4vM4pOYFkdrYp3MTzYVZIikCO+53Q==",
      "license": "Apache-2.0",
      "dependencies": {
        "@aws-sdk/middleware-sdk-s3": "^3.972.17",
        "@aws-sdk/types": "^3.973.4",
        "@smithy/protocol-http": "^5.3.10",
        "@smithy/signature-v4": "^5.3.10",
        "@smithy/types": "^4.13.0",
        "tslib": "^2.6.2"
      },
      "engines": {
        "node": ">=20.0.0"
      }
    },
    "node_modules/@aws-sdk/types": {
      "version": "3.973.4",
      "resolved": "https://registry.npmjs.org/@aws-sdk/types/-/types-3.973.4.tgz",
      "integrity": "sha512-RW60aH26Bsc016Y9B98hC0Plx6fK5P2v/iQYwMzrSjiDh1qRMUCP6KrXHYEHe3uFvKiOC93Z9zk4BJsUi6Tj1Q==",
      "license": "Apache-2.0",
      "dependencies": {
        "@smithy/types": "^4.13.0",
        "tslib": "^2.6.2"
      },
      "engines": {
        "node": ">=20.0.0"
      }
    },
    "node_modules/@aws-sdk/util-arn-parser": {
      "version": "3.972.2",
      "resolved": "https://registry.npmjs.org/@aws-sdk/util-arn-parser/-/util-arn-parser-3.972.2.tgz",
      "integrity": "sha512-VkykWbqMjlSgBFDyrY3nOSqupMc6ivXuGmvci6Q3NnLq5kC+mKQe2QBZ4nrWRE/jqOxeFP2uYzLtwncYYcvQDg==",
      "license": "Apache-2.0",
      "dependencies": {
        "tslib": "^2.6.2"
      },
      "engines": {
        "node": ">=20.0.0"
      }
    },
    "node_modules/@aws-sdk/util-format-url": {
      "version": "3.972.6",
      "resolved": "https://registry.npmjs.org/@aws-sdk/util-format-url/-/util-format-url-3.972.6.tgz",
      "integrity": "sha512-0YNVNgFyziCejXJx0rzxPiD2rkxTWco4c9wiMF6n37Tb9aQvIF8+t7GyEyIFCwQHZ0VMQaAl+nCZHOYz5I5EKw==",
      "license": "Apache-2.0",
      "dependencies": {
        "@aws-sdk/types": "^3.973.4",
        "@smithy/querystring-builder": "^4.2.10",
        "@smithy/types": "^4.13.0",
        "tslib": "^2.6.2"
      },
      "engines": {
        "node": ">=20.0.0"
      }
    },
    "node_modules/@aws-sdk/xml-builder": {
      "version": "3.972.9",
      "resolved": "https://registry.npmjs.org/@aws-sdk/xml-builder/-/xml-builder-3.972.9.tgz",
      "integrity": "sha512-ItnlMgSqkPrUfJs7EsvU/01zw5UeIb2tNPhD09LBLHbg+g+HDiKibSLwpkuz/ZIlz4F2IMn+5XgE4AK/pfPuog==",
      "license": "Apache-2.0",
      "dependencies": {
        "@smithy/types": "^4.13.0",
        "fast-xml-parser": "5.4.1",
        "tslib": "^2.6.2"
      },
      "engines": {
        "node": ">=20.0.0"
      }
    },
    "node_modules/@smithy/abort-controller": {
      "version": "4.2.11",
      "resolved": "https://registry.npmjs.org/@smithy/abort-controller/-/abort-controller-4.2.11.tgz",
      "integrity": "sha512-Hj4WoYWMJnSpM6/kchsm4bUNTL9XiSyhvoMb2KIq4VJzyDt7JpGHUZHkVNPZVC7YE1tf8tPeVauxpFBKGW4/KQ==",
      "license": "Apache-2.0",
      "dependencies": {
        "@smithy/types": "^4.13.0",
        "tslib": "^2.6.2"
      },
      "engines": {
        "node": ">=18.0.0"
      }
    },
    "node_modules/@smithy/core": {
      "version": "3.23.8",
      "resolved": "https://registry.npmjs.org/@smithy/core/-/core-3.23.8.tgz",
      "integrity": "sha512-f7uPeBi7ehmLT4YF2u9j3qx6lSnurG1DLXOsTtJrIRNDF7VXio4BGHQ+SQteN/BrUVudbkuL4v7oOsRCzq4BqA==",
      "license": "Apache-2.0",
      "dependencies": {
        "@smithy/middleware-serde": "^4.2.12",
        "@smithy/protocol-http": "^5.3.11",
        "@smithy/types": "^4.13.0",
        "@smithy/util-base64": "^4.3.2",
        "@smithy/util-body-length-browser": "^4.2.2",
        "@smithy/util-middleware": "^4.2.11",
        "@smithy/util-stream": "^4.5.17",
        "@smithy/util-utf8": "^4.2.2",
        "@smithy/uuid": "^1.1.2",
        "tslib": "^2.6.2"
      },
      "engines": {
        "node": ">=18.0.0"
      }
    },
    "node_modules/@smithy/fetch-http-handler": {
      "version": "5.3.13",
      "resolved": "https://registry.npmjs.org/@smithy/fetch-http-handler/-/fetch-http-handler-5.3.13.tgz",
      "integrity": "sha512-U2Hcfl2s3XaYjikN9cT4mPu8ybDbImV3baXR0PkVlC0TTx808bRP3FaPGAzPtB8OByI+JqJ1kyS+7GEgae7+qQ==",
      "license": "Apache-2.0",
      "dependencies": {
        "@smithy/protocol-http": "^5.3.11",
        "@smithy/querystring-builder": "^4.2.11",
        "@smithy/types": "^4.13.0",
        "@smithy/util-base64": "^4.3.2",
        "tslib": "^2.6.2"
      },
      "engines": {
        "node": ">=18.0.0"
      }
    },
    "node_modules/@smithy/is-array-buffer": {
      "version": "4.2.2",
      "resolved": "https://registry.npmjs.org/@smithy/is-array-buffer/-/is-array-buffer-4.2.2.tgz",
      "integrity": "sha512-n6rQ4N8Jj4YTQO3YFrlgZuwKodf4zUFs7EJIWH86pSCWBaAtAGBFfCM7Wx6D2bBJ2xqFNxGBSrUWswT3M0VJow==",
      "license": "Apache-2.0",
      "dependencies": {
        "tslib": "^2.6.2"
      },
      "engines": {
        "node": ">=18.0.0"
      }
    },
    "node_modules/@smithy/middleware-endpoint": {
      "version": "4.4.22",
      "resolved": "https://registry.npmjs.org/@smithy/middleware-endpoint/-/middleware-endpoint-4.4.22.tgz",
      "integrity": "sha512-sc81w1o4Jy+/MAQlY3sQ8C7CmSpcvIi3TAzXblUv2hjG11BBSJi/Cw8vDx5BxMxapuH2I+Gc+45vWsgU07WZRQ==",
      "license": "Apache-2.0",
      "dependencies": {
        "@smithy/core": "^3.23.8",
        "@smithy/middleware-serde": "^4.2.12",
        "@smithy/node-config-provider": "^4.3.11",
        "@smithy/shared-ini-file-loader": "^4.4.6",
        "@smithy/types": "^4.13.0",
        "@smithy/url-parser": "^4.2.11",
        "@smithy/util-middleware": "^4.2.11",
        "tslib": "^2.6.2"
      },
      "engines": {
        "node": ">=18.0.0"
      }
    },
    "node_modules/@smithy/middleware-serde": {
      "version": "4.2.12",
      "resolved": "https://registry.npmjs.org/@smithy/middleware-serde/-/middleware-serde-4.2.12.tgz",
      "integrity": "sha512-W9g1bOLui7Xn5FABRVS0o3rXL0gfN37d/8I/W7i0N7oxjx9QecUmXEMSUMADTODwdtka9cN43t5BI2CodLJpng==",
      "license": "Apache-2.0",
      "dependencies": {
        "@smithy/protocol-http": "^5.3.11",
        "@smithy/types": "^4.13.0",
        "tslib": "^2.6.2"
      },
      "engines": {
        "node": ">=18.0.0"
      }
    },
    "node_modules/@smithy/middleware-stack": {
      "version": "4.2.11",
      "resolved": "https://registry.npmjs.org/@smithy/middleware-stack/-/middleware-stack-4.2.11.tgz",
      "integrity": "sha512-s+eenEPW6RgliDk2IhjD2hWOxIx1NKrOHxEwNUaUXxYBxIyCcDfNULZ2Mu15E3kwcJWBedTET/kEASPV1A1Akg==",
      "license": "Apache-2.0",
      "dependencies": {
        "@smithy/types": "^4.13.0",
        "tslib": "^2.6.2"
      },
      "engines": {
        "node": ">=18.0.0"
      }
    },
    "node_modules/@smithy/node-config-provider": {
      "version": "4.3.11",
      "resolved": "https://registry.npmjs.org/@smithy/node-config-provider/-/node-config-provider-4.3.11.tgz",
      "integrity": "sha512-xD17eE7kaLgBBGf5CZQ58hh2YmwK1Z0O8YhffwB/De2jsL0U3JklmhVYJ9Uf37OtUDLF2gsW40Xwwag9U869Gg==",
      "license": "Apache-2.0",
      "dependencies": {
        "@smithy/property-provider": "^4.2.11",
        "@smithy/shared-ini-file-loader": "^4.4.6",
        "@smithy/types": "^4.13.0",
        "tslib": "^2.6.2"
      },
      "engines": {
        "node": ">=18.0.0"
      }
    },
    "node_modules/@smithy/node-http-handler": {
      "version": "4.4.14",
      "resolved": "https://registry.npmjs.org/@smithy/node-http-handler/-/node-http-handler-4.4.14.tgz",
      "integrity": "sha512-DamSqaU8nuk0xTJDrYnRzZndHwwRnyj/n/+RqGGCcBKB4qrQem0mSDiWdupaNWdwxzyMU91qxDmHOCazfhtO3A==",
      "license": "Apache-2.0",
      "dependencies": {
        "@smithy/abort-controller": "^4.2.11",
        "@smithy/protocol-http": "^5.3.11",
        "@smithy/querystring-builder": "^4.2.11",
        "@smithy/types": "^4.13.0",
        "tslib": "^2.6.2"
      },
      "engines": {
        "node": ">=18.0.0"
      }
    },
    "node_modules/@smithy/property-provider": {
      "version": "4.2.11",
      "resolved": "https://registry.npmjs.org/@smithy/property-provider/-/property-provider-4.2.11.tgz",
      "integrity": "sha512-14T1V64o6/ndyrnl1ze1ZhyLzIeYNN47oF/QU6P5m82AEtyOkMJTb0gO1dPubYjyyKuPD6OSVMPDKe+zioOnCg==",
      "license": "Apache-2.0",
      "dependencies": {
        "@smithy/types": "^4.13.0",
        "tslib": "^2.6.2"
      },
      "engines": {
        "node": ">=18.0.0"
      }
    },
    "node_modules/@smithy/protocol-http": {
      "version": "5.3.11",
      "resolved": "https://registry.npmjs.org/@smithy/protocol-http/-/protocol-http-5.3.11.tgz",
      "integrity": "sha512-hI+barOVDJBkNt4y0L2mu3Ugc0w7+BpJ2CZuLwXtSltGAAwCb3IvnalGlbDV/UCS6a9ZuT3+exd1WxNdLb5IlQ==",
      "license": "Apache-2.0",
      "dependencies": {
        "@smithy/types": "^4.13.0",
        "tslib": "^2.6.2"
      },
      "engines": {
        "node": ">=18.0.0"
      }
    },
    "node_modules/@smithy/querystring-builder": {
      "version": "4.2.11",
      "resolved": "https://registry.npmjs.org/@smithy/querystring-builder/-/querystring-builder-4.2.11.tgz",
      "integrity": "sha512-7spdikrYiljpket6u0up2Ck2mxhy7dZ0+TDd+S53Dg2DHd6wg+YNJrTCHiLdgZmEXZKI7LJZcwL3721ZRDFiqA==",
      "license": "Apache-2.0",
      "dependencies": {
        "@smithy/types": "^4.13.0",
        "@smithy/util-uri-escape": "^4.2.2",
        "tslib": "^2.6.2"
      },
      "engines": {
        "node": ">=18.0.0"
      }
    },
    "node_modules/@smithy/querystring-parser": {
      "version": "4.2.11",
      "resolved": "https://registry.npmjs.org/@smithy/querystring-parser/-/querystring-parser-4.2.11.tgz",
      "integrity": "sha512-nE3IRNjDltvGcoThD2abTozI1dkSy8aX+a2N1Rs55en5UsdyyIXgGEmevUL3okZFoJC77JgRGe99xYohhsjivQ==",
      "license": "Apache-2.0",
      "dependencies": {
        "@smithy/types": "^4.13.0",
        "tslib": "^2.6.2"
      },
      "engines": {
        "node": ">=18.0.0"
      }
    },
    "node_modules/@smithy/shared-ini-file-loader": {
      "version": "4.4.6",
      "resolved": "https://registry.npmjs.org/@smithy/shared-ini-file-loader/-/shared-ini-file-loader-4.4.6.tgz",
      "integrity": "sha512-IB/M5I8G0EeXZTHsAxpx51tMQ5R719F3aq+fjEB6VtNcCHDc0ajFDIGDZw+FW9GxtEkgTduiPpjveJdA/CX7sw==",
      "license": "Apache-2.0",
      "dependencies": {
        "@smithy/types": "^4.13.0",
        "tslib": "^2.6.2"
      },
      "engines": {
        "node": ">=18.0.0"
      }
    },
    "node_modules/@smithy/signature-v4": {
      "version": "5.3.11",
      "resolved": "https://registry.npmjs.org/@smithy/signature-v4/-/signature-v4-5.3.11.tgz",
      "integrity": "sha512-V1L6N9aKOBAN4wEHLyqjLBnAz13mtILU0SeDrjOaIZEeN6IFa6DxwRt1NNpOdmSpQUfkBj0qeD3m6P77uzMhgQ==",
      "license": "Apache-2.0",
      "dependencies": {
        "@smithy/is-array-buffer": "^4.2.2",
        "@smithy/protocol-http": "^5.3.11",
        "@smithy/types": "^4.13.0",
        "@smithy/util-hex-encoding": "^4.2.2",
        "@smithy/util-middleware": "^4.2.11",
        "@smithy/util-uri-escape": "^4.2.2",
        "@smithy/util-utf8": "^4.2.2",
        "tslib": "^2.6.2"
      },
      "engines": {
        "node": ">=18.0.0"
      }
    },
    "node_modules/@smithy/smithy-client": {
      "version": "4.12.2",
      "resolved": "https://registry.npmjs.org/@smithy/smithy-client/-/smithy-client-4.12.2.tgz",
      "integrity": "sha512-HezY3UuG0k4T+4xhFKctLXCA5N2oN+Rtv+mmL8Gt7YmsUY2yhmcLyW75qrSzldfj75IsCW/4UhY3s20KcFnZqA==",
      "license": "Apache-2.0",
      "dependencies": {
        "@smithy/core": "^3.23.8",
        "@smithy/middleware-endpoint": "^4.4.22",
        "@smithy/middleware-stack": "^4.2.11",
        "@smithy/protocol-http": "^5.3.11",
        "@smithy/types": "^4.13.0",
        "@smithy/util-stream": "^4.5.17",
        "tslib": "^2.6.2"
      },
      "engines": {
        "node": ">=18.0.0"
      }
    },
    "node_modules/@smithy/types": {
      "version": "4.13.0",
      "resolved": "https://registry.npmjs.org/@smithy/types/-/types-4.13.0.tgz",
      "integrity": "sha512-COuLsZILbbQsdrwKQpkkpyep7lCsByxwj7m0Mg5v66/ZTyenlfBc40/QFQ5chO0YN/PNEH1Bi3fGtfXPnYNeDw==",
      "license": "Apache-2.0",
      "dependencies": {
        "tslib": "^2.6.2"
      },
      "engines": {
        "node": ">=18.0.0"
      }
    },
    "node_modules/@smithy/url-parser": {
      "version": "4.2.11",
      "resolved": "https://registry.npmjs.org/@smithy/url-parser/-/url-parser-4.2.11.tgz",
      "integrity": "sha512-oTAGGHo8ZYc5VZsBREzuf5lf2pAurJQsccMusVZ85wDkX66ojEc/XauiGjzCj50A61ObFTPe6d7Pyt6UBYaing==",
      "license": "Apache-2.0",
      "dependencies": {
        "@smithy/querystring-parser": "^4.2.11",
        "@smithy/types": "^4.13.0",
        "tslib": "^2.6.2"
      },
      "engines": {
        "node": ">=18.0.0"
      }
    },
    "node_modules/@smithy/util-base64": {
      "version": "4.3.2",
      "resolved": "https://registry.npmjs.org/@smithy/util-base64/-/util-base64-4.3.2.tgz",
      "integrity": "sha512-XRH6b0H/5A3SgblmMa5ErXQ2XKhfbQB+Fm/oyLZ2O2kCUrwgg55bU0RekmzAhuwOjA9qdN5VU2BprOvGGUkOOQ==",
      "license": "Apache-2.0",
      "dependencies": {
        "@smithy/util-buffer-from": "^4.2.2",
        "@smithy/util-utf8": "^4.2.2",
        "tslib": "^2.6.2"
      },
      "engines": {
        "node": ">=18.0.0"
      }
    },
    "node_modules/@smithy/util-body-length-browser": {
      "version": "4.2.2",
      "resolved": "https://registry.npmjs.org/@smithy/util-body-length-browser/-/util-body-length-browser-4.2.2.tgz",
      "integrity": "sha512-JKCrLNOup3OOgmzeaKQwi4ZCTWlYR5H4Gm1r2uTMVBXoemo1UEghk5vtMi1xSu2ymgKVGW631e2fp9/R610ZjQ==",
      "license": "Apache-2.0",
      "dependencies": {
        "tslib": "^2.6.2"
      },
      "engines": {
        "node": ">=18.0.0"
      }
    },
    "node_modules/@smithy/util-buffer-from": {
      "version": "4.2.2",
      "resolved": "https://registry.npmjs.org/@smithy/util-buffer-from/-/util-buffer-from-4.2.2.tgz",
      "integrity": "sha512-FDXD7cvUoFWwN6vtQfEta540Y/YBe5JneK3SoZg9bThSoOAC/eGeYEua6RkBgKjGa/sz6Y+DuBZj3+YEY21y4Q==",
      "license": "Apache-2.0",
      "dependencies": {
        "@smithy/is-array-buffer": "^4.2.2",
        "tslib": "^2.6.2"
      },
      "engines": {
        "node": ">=18.0.0"
      }
    },
    "node_modules/@smithy/util-config-provider": {
      "version": "4.2.2",
      "resolved": "https://registry.npmjs.org/@smithy/util-config-provider/-/util-config-provider-4.2.2.tgz",
      "integrity": "sha512-dWU03V3XUprJwaUIFVv4iOnS1FC9HnMHDfUrlNDSh4315v0cWyaIErP8KiqGVbf5z+JupoVpNM7ZB3jFiTejvQ==",
      "license": "Apache-2.0",
      "dependencies": {
        "tslib": "^2.6.2"
      },
      "engines": {
        "node": ">=18.0.0"
      }
    },
    "node_modules/@smithy/util-hex-encoding": {
      "version": "4.2.2",
      "resolved": "https://registry.npmjs.org/@smithy/util-hex-encoding/-/util-hex-encoding-4.2.2.tgz",
      "integrity": "sha512-Qcz3W5vuHK4sLQdyT93k/rfrUwdJ8/HZ+nMUOyGdpeGA1Wxt65zYwi3oEl9kOM+RswvYq90fzkNDahPS8K0OIg==",
      "license": "Apache-2.0",
      "dependencies": {
        "tslib": "^2.6.2"
      },
      "engines": {
        "node": ">=18.0.0"
      }
    },
    "node_modules/@smithy/util-middleware": {
      "version": "4.2.11",
      "resolved": "https://registry.npmjs.org/@smithy/util-middleware/-/util-middleware-4.2.11.tgz",
      "integrity": "sha512-r3dtF9F+TpSZUxpOVVtPfk09Rlo4lT6ORBqEvX3IBT6SkQAdDSVKR5GcfmZbtl7WKhKnmb3wbDTQ6ibR2XHClw==",
      "license": "Apache-2.0",
      "dependencies": {
        "@smithy/types": "^4.13.0",
        "tslib": "^2.6.2"
      },
      "engines": {
        "node": ">=18.0.0"
      }
    },
    "node_modules/@smithy/util-stream": {
      "version": "4.5.17",
      "resolved": "https://registry.npmjs.org/@smithy/util-stream/-/util-stream-4.5.17.tgz",
      "integrity": "sha512-793BYZ4h2JAQkNHcEnyFxDTcZbm9bVybD0UV/LEWmZ5bkTms7JqjfrLMi2Qy0E5WFcCzLwCAPgcvcvxoeALbAQ==",
      "license": "Apache-2.0",
      "dependencies": {
        "@smithy/fetch-http-handler": "^5.3.13",
        "@smithy/node-http-handler": "^4.4.14",
        "@smithy/types": "^4.13.0",
        "@smithy/util-base64": "^4.3.2",
        "@smithy/util-buffer-from": "^4.2.2",
        "@smithy/util-hex-encoding": "^4.2.2",
        "@smithy/util-utf8": "^4.2.2",
        "tslib": "^2.6.2"
      },
      "engines": {
        "node": ">=18.0.0"
      }
    },
    "node_modules/@smithy/util-uri-escape": {
      "version": "4.2.2",
      "resolved": "https://registry.npmjs.org/@smithy/util-uri-escape/-/util-uri-escape-4.2.2.tgz",
      "integrity": "sha512-2kAStBlvq+lTXHyAZYfJRb/DfS3rsinLiwb+69SstC9Vb0s9vNWkRwpnj918Pfi85mzi42sOqdV72OLxWAISnw==",
      "license": "Apache-2.0",
      "dependencies": {
        "tslib": "^2.6.2"
      },
      "engines": {
        "node": ">=18.0.0"
      }
    },
    "node_modules/@smithy/util-utf8": {
      "version": "4.2.2",
      "resolved": "https://registry.npmjs.org/@smithy/util-utf8/-/util-utf8-4.2.2.tgz",
      "integrity": "sha512-75MeYpjdWRe8M5E3AW0O4Cx3UadweS+cwdXjwYGBW5h/gxxnbeZ877sLPX/ZJA9GVTlL/qG0dXP29JWFCD1Ayw==",
      "license": "Apache-2.0",
      "dependencies": {
        "@smithy/util-buffer-from": "^4.2.2",
        "tslib": "^2.6.2"
      },
      "engines": {
        "node": ">=18.0.0"
      }
    },
    "node_modules/@smithy/uuid": {
      "version": "1.1.2",
      "resolved": "https://registry.npmjs.org/@smithy/uuid/-/uuid-1.1.2.tgz",
      "integrity": "sha512-O/IEdcCUKkubz60tFbGA7ceITTAJsty+lBjNoorP4Z6XRqaFb/OjQjZODophEcuq68nKm6/0r+6/lLQ+XVpk8g==",
      "license": "Apache-2.0",
      "dependencies": {
        "tslib": "^2.6.2"
      },
      "engines": {
        "node": ">=18.0.0"
      }
    },
    "node_modules/crypto": {
      "version": "1.0.1",
      "resolved": "https://registry.npmjs.org/crypto/-/crypto-1.0.1.tgz",
      "integrity": "sha512-VxBKmeNcqQdiUQUW2Tzq0t377b54N2bMtXO/qiLa+6eRRmmC4qT3D4OnTGoT/U6O9aklQ/jTwbOtRMTTY8G0Ig==",
      "deprecated": "This package is no longer supported. It's now a built-in Node module. If you've depended on crypto, you should switch to the one that's built-in.",
      "license": "ISC"
    },
    "node_modules/fast-xml-builder": {
      "version": "1.0.0",
      "resolved": "https://registry.npmjs.org/fast-xml-builder/-/fast-xml-builder-1.0.0.tgz",
      "integrity": "sha512-fpZuDogrAgnyt9oDDz+5DBz0zgPdPZz6D4IR7iESxRXElrlGTRkHJ9eEt+SACRJwT0FNFrt71DFQIUFBJfX/uQ==",
      "funding": [
        {
          "type": "github",
          "url": "https://github.com/sponsors/NaturalIntelligence"
        }
      ],
      "license": "MIT"
    },
    "node_modules/fast-xml-parser": {
      "version": "5.4.1",
      "resolved": "https://registry.npmjs.org/fast-xml-parser/-/fast-xml-parser-5.4.1.tgz",
      "integrity": "sha512-BQ30U1mKkvXQXXkAGcuyUA/GA26oEB7NzOtsxCDtyu62sjGw5QraKFhx2Em3WQNjPw9PG6MQ9yuIIgkSDfGu5A==",
      "funding": [
        {
          "type": "github",
          "url": "https://github.com/sponsors/NaturalIntelligence"
        }
      ],
      "license": "MIT",
      "dependencies": {
        "fast-xml-builder": "^1.0.0",
        "strnum": "^2.1.2"
      },
      "bin": {
        "fxparser": "src/cli/cli.js"
      }
    },
    "node_modules/strnum": {
      "version": "2.2.0",
      "resolved": "https://registry.npmjs.org/strnum/-/strnum-2.2.0.tgz",
      "integrity": "sha512-Y7Bj8XyJxnPAORMZj/xltsfo55uOiyHcU2tnAVzHUnSJR/KsEX+9RoDeXEnsXtl/CX4fAcrt64gZ13aGaWPeBg==",
      "funding": [
        {
          "type": "github",
          "url": "https://github.com/sponsors/NaturalIntelligence"
        }
      ],
      "license": "MIT"
    },
    "node_modules/tslib": {
      "version": "2.8.1",
      "resolved": "https://registry.npmjs.org/tslib/-/tslib-2.8.1.tgz",
      "integrity": "sha512-oJFu94HQb+KVduSUQL7wnpmqnfmLsOA/nAh6b6EH0wCEoK0/mPeXU6c3wKDV83MkOuHPRHtSXKKU99IBazS/2w==",
      "license": "0BSD"
    }
  }
}
